
Microsoft Visual Studio Solution File, Format Version 12.00
# Visual Studio Version 17
VisualStudioVersion = 17.5.33414.496
MinimumVisualStudioVersion = 10.0.40219.1
Project("{FAE04EC0-301F-11D3-BF4B-00C04F79EFBC}") = "Exercicio_03", "Exercicio_03.csproj", "{72C0DBA6-58E4-4439-95EA-25F458CF1D86}"
EndProject
Global
	GlobalSection(SolutionConfigurationPlatforms) = preSolution
		Debug|Any CPU = Debug|Any CPU
		Release|Any CPU = Release|Any CPU
	EndGlobalSection
	GlobalSection(ProjectConfigurationPlatforms) = postSolution
		{72C0DBA6-58E4-4439-95EA-25F458CF1D86}.Debug|Any CPU.ActiveCfg = Debug|Any CPU
		{72C0DBA6-58E4-4439-95EA-25F458CF1D86}.Debug|Any CPU.Build.0 = Debug|Any CPU
		{72C0DBA6-58E4-4439-95EA-25F458CF1D86}.Release|Any CPU.ActiveCfg = Release|Any CPU
		{72C0DBA6-58E4-4439-95EA-25F458CF1D86}.Release|Any CPU.Build.0 = Release|Any CPU
	EndGlobalSection
	GlobalSection(SolutionProperties) = preSolution
		HideSolutionNode = FALSE
	EndGlobalSection
	GlobalSection(ExtensibilityGlobals) = postSolution
		SolutionGuid = {8115DB22-9BB1-4ACD-ACB4-1906A25A0A56}
	EndGlobalSection
EndGlobal
