
Microsoft Visual Studio Solution File, Format Version 12.00
# Visual Studio Version 17
VisualStudioVersion = 17.5.33414.496
MinimumVisualStudioVersion = 10.0.40219.1
Project("{FAE04EC0-301F-11D3-BF4B-00C04F79EFBC}") = "Data", "Data.csproj", "{79C9AE4D-2044-4F48-8A18-FF4772B705ED}"
EndProject
Global
	GlobalSection(SolutionConfigurationPlatforms) = preSolution
		Debug|Any CPU = Debug|Any CPU
		Release|Any CPU = Release|Any CPU
	EndGlobalSection
	GlobalSection(ProjectConfigurationPlatforms) = postSolution
		{79C9AE4D-2044-4F48-8A18-FF4772B705ED}.Debug|Any CPU.ActiveCfg = Debug|Any CPU
		{79C9AE4D-2044-4F48-8A18-FF4772B705ED}.Debug|Any CPU.Build.0 = Debug|Any CPU
		{79C9AE4D-2044-4F48-8A18-FF4772B705ED}.Release|Any CPU.ActiveCfg = Release|Any CPU
		{79C9AE4D-2044-4F48-8A18-FF4772B705ED}.Release|Any CPU.Build.0 = Release|Any CPU
	EndGlobalSection
	GlobalSection(SolutionProperties) = preSolution
		HideSolutionNode = FALSE
	EndGlobalSection
	GlobalSection(ExtensibilityGlobals) = postSolution
		SolutionGuid = {EE0CD8DA-2044-4C98-8290-4C9B2C36FFF2}
	EndGlobalSection
EndGlobal
