
Microsoft Visual Studio Solution File, Format Version 12.00
# Visual Studio Version 17
VisualStudioVersion = 17.5.33414.496
MinimumVisualStudioVersion = 10.0.40219.1
Project("{FAE04EC0-301F-11D3-BF4B-00C04F79EFBC}") = "Aula05", "Aula05.csproj", "{7A94AEA3-5C71-488B-94E9-F28DBA5AEC52}"
EndProject
Global
	GlobalSection(SolutionConfigurationPlatforms) = preSolution
		Debug|Any CPU = Debug|Any CPU
		Release|Any CPU = Release|Any CPU
	EndGlobalSection
	GlobalSection(ProjectConfigurationPlatforms) = postSolution
		{7A94AEA3-5C71-488B-94E9-F28DBA5AEC52}.Debug|Any CPU.ActiveCfg = Debug|Any CPU
		{7A94AEA3-5C71-488B-94E9-F28DBA5AEC52}.Debug|Any CPU.Build.0 = Debug|Any CPU
		{7A94AEA3-5C71-488B-94E9-F28DBA5AEC52}.Release|Any CPU.ActiveCfg = Release|Any CPU
		{7A94AEA3-5C71-488B-94E9-F28DBA5AEC52}.Release|Any CPU.Build.0 = Release|Any CPU
	EndGlobalSection
	GlobalSection(SolutionProperties) = preSolution
		HideSolutionNode = FALSE
	EndGlobalSection
	GlobalSection(ExtensibilityGlobals) = postSolution
		SolutionGuid = {40C4F073-8872-4212-AA37-90833D52381A}
	EndGlobalSection
EndGlobal
