
Microsoft Visual Studio Solution File, Format Version 12.00
# Visual Studio Version 17
VisualStudioVersion = 17.5.33414.496
MinimumVisualStudioVersion = 10.0.40219.1
Project("{FAE04EC0-301F-11D3-BF4B-00C04F79EFBC}") = "5-MediaAluno", "5-MediaAluno.csproj", "{AD3DA9B6-0532-4EEF-ABF1-173008BCE0CB}"
EndProject
Global
	GlobalSection(SolutionConfigurationPlatforms) = preSolution
		Debug|Any CPU = Debug|Any CPU
		Release|Any CPU = Release|Any CPU
	EndGlobalSection
	GlobalSection(ProjectConfigurationPlatforms) = postSolution
		{AD3DA9B6-0532-4EEF-ABF1-173008BCE0CB}.Debug|Any CPU.ActiveCfg = Debug|Any CPU
		{AD3DA9B6-0532-4EEF-ABF1-173008BCE0CB}.Debug|Any CPU.Build.0 = Debug|Any CPU
		{AD3DA9B6-0532-4EEF-ABF1-173008BCE0CB}.Release|Any CPU.ActiveCfg = Release|Any CPU
		{AD3DA9B6-0532-4EEF-ABF1-173008BCE0CB}.Release|Any CPU.Build.0 = Release|Any CPU
	EndGlobalSection
	GlobalSection(SolutionProperties) = preSolution
		HideSolutionNode = FALSE
	EndGlobalSection
	GlobalSection(ExtensibilityGlobals) = postSolution
		SolutionGuid = {B62F013E-F858-4BDE-8E48-2A04B81C7053}
	EndGlobalSection
EndGlobal
