
Microsoft Visual Studio Solution File, Format Version 12.00
# Visual Studio Version 17
VisualStudioVersion = 17.5.33414.496
MinimumVisualStudioVersion = 10.0.40219.1
Project("{FAE04EC0-301F-11D3-BF4B-00C04F79EFBC}") = "exercicio_01", "exercicio_01.csproj", "{99C836C3-D68B-429E-9BC5-E9292BD2F582}"
EndProject
Global
	GlobalSection(SolutionConfigurationPlatforms) = preSolution
		Debug|Any CPU = Debug|Any CPU
		Release|Any CPU = Release|Any CPU
	EndGlobalSection
	GlobalSection(ProjectConfigurationPlatforms) = postSolution
		{99C836C3-D68B-429E-9BC5-E9292BD2F582}.Debug|Any CPU.ActiveCfg = Debug|Any CPU
		{99C836C3-D68B-429E-9BC5-E9292BD2F582}.Debug|Any CPU.Build.0 = Debug|Any CPU
		{99C836C3-D68B-429E-9BC5-E9292BD2F582}.Release|Any CPU.ActiveCfg = Release|Any CPU
		{99C836C3-D68B-429E-9BC5-E9292BD2F582}.Release|Any CPU.Build.0 = Release|Any CPU
	EndGlobalSection
	GlobalSection(SolutionProperties) = preSolution
		HideSolutionNode = FALSE
	EndGlobalSection
	GlobalSection(ExtensibilityGlobals) = postSolution
		SolutionGuid = {22EFFC0C-34C7-42C4-8A20-0C4D2AC71C87}
	EndGlobalSection
EndGlobal
