
Microsoft Visual Studio Solution File, Format Version 12.00
# Visual Studio Version 17
VisualStudioVersion = 17.5.33414.496
MinimumVisualStudioVersion = 10.0.40219.1
Project("{FAE04EC0-301F-11D3-BF4B-00C04F79EFBC}") = "Eleitores", "Eleitores.csproj", "{04C97EE8-20BA-431E-91F0-1A44CECB38BC}"
EndProject
Global
	GlobalSection(SolutionConfigurationPlatforms) = preSolution
		Debug|Any CPU = Debug|Any CPU
		Release|Any CPU = Release|Any CPU
	EndGlobalSection
	GlobalSection(ProjectConfigurationPlatforms) = postSolution
		{04C97EE8-20BA-431E-91F0-1A44CECB38BC}.Debug|Any CPU.ActiveCfg = Debug|Any CPU
		{04C97EE8-20BA-431E-91F0-1A44CECB38BC}.Debug|Any CPU.Build.0 = Debug|Any CPU
		{04C97EE8-20BA-431E-91F0-1A44CECB38BC}.Release|Any CPU.ActiveCfg = Release|Any CPU
		{04C97EE8-20BA-431E-91F0-1A44CECB38BC}.Release|Any CPU.Build.0 = Release|Any CPU
	EndGlobalSection
	GlobalSection(SolutionProperties) = preSolution
		HideSolutionNode = FALSE
	EndGlobalSection
	GlobalSection(ExtensibilityGlobals) = postSolution
		SolutionGuid = {FBDA88C5-A9C2-4FD2-99B3-F7701DBC6586}
	EndGlobalSection
EndGlobal
