
Microsoft Visual Studio Solution File, Format Version 12.00
# Visual Studio Version 17
VisualStudioVersion = 17.5.33414.496
MinimumVisualStudioVersion = 10.0.40219.1
Project("{FAE04EC0-301F-11D3-BF4B-00C04F79EFBC}") = "6-IMC", "6-IMC.csproj", "{387DE050-675C-4AB4-8B98-E62F9480B6EE}"
EndProject
Global
	GlobalSection(SolutionConfigurationPlatforms) = preSolution
		Debug|Any CPU = Debug|Any CPU
		Release|Any CPU = Release|Any CPU
	EndGlobalSection
	GlobalSection(ProjectConfigurationPlatforms) = postSolution
		{387DE050-675C-4AB4-8B98-E62F9480B6EE}.Debug|Any CPU.ActiveCfg = Debug|Any CPU
		{387DE050-675C-4AB4-8B98-E62F9480B6EE}.Debug|Any CPU.Build.0 = Debug|Any CPU
		{387DE050-675C-4AB4-8B98-E62F9480B6EE}.Release|Any CPU.ActiveCfg = Release|Any CPU
		{387DE050-675C-4AB4-8B98-E62F9480B6EE}.Release|Any CPU.Build.0 = Release|Any CPU
	EndGlobalSection
	GlobalSection(SolutionProperties) = preSolution
		HideSolutionNode = FALSE
	EndGlobalSection
	GlobalSection(ExtensibilityGlobals) = postSolution
		SolutionGuid = {3EC787D6-5AA7-4FAF-9F73-94F3AEA3C3F4}
	EndGlobalSection
EndGlobal
