
Microsoft Visual Studio Solution File, Format Version 12.00
# Visual Studio Version 17
VisualStudioVersion = 17.5.33414.496
MinimumVisualStudioVersion = 10.0.40219.1
Project("{FAE04EC0-301F-11D3-BF4B-00C04F79EFBC}") = "10-SubstituiValorNulo", "10-SubstituiValorNulo.csproj", "{40B75832-DDBE-4824-A2C3-C9BF9B459325}"
EndProject
Global
	GlobalSection(SolutionConfigurationPlatforms) = preSolution
		Debug|Any CPU = Debug|Any CPU
		Release|Any CPU = Release|Any CPU
	EndGlobalSection
	GlobalSection(ProjectConfigurationPlatforms) = postSolution
		{40B75832-DDBE-4824-A2C3-C9BF9B459325}.Debug|Any CPU.ActiveCfg = Debug|Any CPU
		{40B75832-DDBE-4824-A2C3-C9BF9B459325}.Debug|Any CPU.Build.0 = Debug|Any CPU
		{40B75832-DDBE-4824-A2C3-C9BF9B459325}.Release|Any CPU.ActiveCfg = Release|Any CPU
		{40B75832-DDBE-4824-A2C3-C9BF9B459325}.Release|Any CPU.Build.0 = Release|Any CPU
	EndGlobalSection
	GlobalSection(SolutionProperties) = preSolution
		HideSolutionNode = FALSE
	EndGlobalSection
	GlobalSection(ExtensibilityGlobals) = postSolution
		SolutionGuid = {6D3AAF22-D1AE-44EE-A96F-8C056D72A30E}
	EndGlobalSection
EndGlobal
