
Microsoft Visual Studio Solution File, Format Version 12.00
# Visual Studio Version 17
VisualStudioVersion = 17.5.33414.496
MinimumVisualStudioVersion = 10.0.40219.1
Project("{FAE04EC0-301F-11D3-BF4B-00C04F79EFBC}") = "03-IndicePrimos", "03-IndicePrimos.csproj", "{6C851EF2-DB3A-4EFB-99A0-9B04C9007234}"
EndProject
Global
	GlobalSection(SolutionConfigurationPlatforms) = preSolution
		Debug|Any CPU = Debug|Any CPU
		Release|Any CPU = Release|Any CPU
	EndGlobalSection
	GlobalSection(ProjectConfigurationPlatforms) = postSolution
		{6C851EF2-DB3A-4EFB-99A0-9B04C9007234}.Debug|Any CPU.ActiveCfg = Debug|Any CPU
		{6C851EF2-DB3A-4EFB-99A0-9B04C9007234}.Debug|Any CPU.Build.0 = Debug|Any CPU
		{6C851EF2-DB3A-4EFB-99A0-9B04C9007234}.Release|Any CPU.ActiveCfg = Release|Any CPU
		{6C851EF2-DB3A-4EFB-99A0-9B04C9007234}.Release|Any CPU.Build.0 = Release|Any CPU
	EndGlobalSection
	GlobalSection(SolutionProperties) = preSolution
		HideSolutionNode = FALSE
	EndGlobalSection
	GlobalSection(ExtensibilityGlobals) = postSolution
		SolutionGuid = {75D70EC4-6EF4-44C0-B0B5-D59C9B274EF0}
	EndGlobalSection
EndGlobal
