
Microsoft Visual Studio Solution File, Format Version 12.00
# Visual Studio Version 17
VisualStudioVersion = 17.5.33414.496
MinimumVisualStudioVersion = 10.0.40219.1
Project("{FAE04EC0-301F-11D3-BF4B-00C04F79EFBC}") = "06-MaiorValorMatriz", "06-MaiorValorMatriz.csproj", "{B13F97B3-CF42-473A-AD2B-0055F5601A9E}"
EndProject
Global
	GlobalSection(SolutionConfigurationPlatforms) = preSolution
		Debug|Any CPU = Debug|Any CPU
		Release|Any CPU = Release|Any CPU
	EndGlobalSection
	GlobalSection(ProjectConfigurationPlatforms) = postSolution
		{B13F97B3-CF42-473A-AD2B-0055F5601A9E}.Debug|Any CPU.ActiveCfg = Debug|Any CPU
		{B13F97B3-CF42-473A-AD2B-0055F5601A9E}.Debug|Any CPU.Build.0 = Debug|Any CPU
		{B13F97B3-CF42-473A-AD2B-0055F5601A9E}.Release|Any CPU.ActiveCfg = Release|Any CPU
		{B13F97B3-CF42-473A-AD2B-0055F5601A9E}.Release|Any CPU.Build.0 = Release|Any CPU
	EndGlobalSection
	GlobalSection(SolutionProperties) = preSolution
		HideSolutionNode = FALSE
	EndGlobalSection
	GlobalSection(ExtensibilityGlobals) = postSolution
		SolutionGuid = {C995E265-191A-45A7-B164-BF01D4CCE5C7}
	EndGlobalSection
EndGlobal
