
Microsoft Visual Studio Solution File, Format Version 12.00
# Visual Studio Version 17
VisualStudioVersion = 17.5.33414.496
MinimumVisualStudioVersion = 10.0.40219.1
Project("{FAE04EC0-301F-11D3-BF4B-00C04F79EFBC}") = "07-NomeIdadeSalario", "07-NomeIdadeSalario.csproj", "{EC10924A-3203-47B1-BE94-EA6B092A28EE}"
EndProject
Global
	GlobalSection(SolutionConfigurationPlatforms) = preSolution
		Debug|Any CPU = Debug|Any CPU
		Release|Any CPU = Release|Any CPU
	EndGlobalSection
	GlobalSection(ProjectConfigurationPlatforms) = postSolution
		{EC10924A-3203-47B1-BE94-EA6B092A28EE}.Debug|Any CPU.ActiveCfg = Debug|Any CPU
		{EC10924A-3203-47B1-BE94-EA6B092A28EE}.Debug|Any CPU.Build.0 = Debug|Any CPU
		{EC10924A-3203-47B1-BE94-EA6B092A28EE}.Release|Any CPU.ActiveCfg = Release|Any CPU
		{EC10924A-3203-47B1-BE94-EA6B092A28EE}.Release|Any CPU.Build.0 = Release|Any CPU
	EndGlobalSection
	GlobalSection(SolutionProperties) = preSolution
		HideSolutionNode = FALSE
	EndGlobalSection
	GlobalSection(ExtensibilityGlobals) = postSolution
		SolutionGuid = {47F4CF7E-B2E2-4C7F-A928-D1DC8A06DABD}
	EndGlobalSection
EndGlobal
