
Microsoft Visual Studio Solution File, Format Version 12.00
# Visual Studio Version 17
VisualStudioVersion = 17.5.33414.496
MinimumVisualStudioVersion = 10.0.40219.1
Project("{FAE04EC0-301F-11D3-BF4B-00C04F79EFBC}") = "19-OrdemCrescente", "19-OrdemCrescente.csproj", "{32B94713-3867-4DFE-BB0D-D291E17CC26A}"
EndProject
Global
	GlobalSection(SolutionConfigurationPlatforms) = preSolution
		Debug|Any CPU = Debug|Any CPU
		Release|Any CPU = Release|Any CPU
	EndGlobalSection
	GlobalSection(ProjectConfigurationPlatforms) = postSolution
		{32B94713-3867-4DFE-BB0D-D291E17CC26A}.Debug|Any CPU.ActiveCfg = Debug|Any CPU
		{32B94713-3867-4DFE-BB0D-D291E17CC26A}.Debug|Any CPU.Build.0 = Debug|Any CPU
		{32B94713-3867-4DFE-BB0D-D291E17CC26A}.Release|Any CPU.ActiveCfg = Release|Any CPU
		{32B94713-3867-4DFE-BB0D-D291E17CC26A}.Release|Any CPU.Build.0 = Release|Any CPU
	EndGlobalSection
	GlobalSection(SolutionProperties) = preSolution
		HideSolutionNode = FALSE
	EndGlobalSection
	GlobalSection(ExtensibilityGlobals) = postSolution
		SolutionGuid = {51046081-2B51-45A2-AB42-A2B484038E66}
	EndGlobalSection
EndGlobal
