
Microsoft Visual Studio Solution File, Format Version 12.00
# Visual Studio Version 17
VisualStudioVersion = 17.5.33414.496
MinimumVisualStudioVersion = 10.0.40219.1
Project("{FAE04EC0-301F-11D3-BF4B-00C04F79EFBC}") = "08-ParOuImpar", "08-ParOuImpar.csproj", "{8071C3F1-AF75-491C-9F64-63C2F8B64955}"
EndProject
Global
	GlobalSection(SolutionConfigurationPlatforms) = preSolution
		Debug|Any CPU = Debug|Any CPU
		Release|Any CPU = Release|Any CPU
	EndGlobalSection
	GlobalSection(ProjectConfigurationPlatforms) = postSolution
		{8071C3F1-AF75-491C-9F64-63C2F8B64955}.Debug|Any CPU.ActiveCfg = Debug|Any CPU
		{8071C3F1-AF75-491C-9F64-63C2F8B64955}.Debug|Any CPU.Build.0 = Debug|Any CPU
		{8071C3F1-AF75-491C-9F64-63C2F8B64955}.Release|Any CPU.ActiveCfg = Release|Any CPU
		{8071C3F1-AF75-491C-9F64-63C2F8B64955}.Release|Any CPU.Build.0 = Release|Any CPU
	EndGlobalSection
	GlobalSection(SolutionProperties) = preSolution
		HideSolutionNode = FALSE
	EndGlobalSection
	GlobalSection(ExtensibilityGlobals) = postSolution
		SolutionGuid = {57D9499A-58A6-458D-8A2D-A8E41F8B7995}
	EndGlobalSection
EndGlobal
