
Microsoft Visual Studio Solution File, Format Version 12.00
# Visual Studio Version 17
VisualStudioVersion = 17.5.33414.496
MinimumVisualStudioVersion = 10.0.40219.1
Project("{FAE04EC0-301F-11D3-BF4B-00C04F79EFBC}") = "exercicio_11", "exercicio_11.csproj", "{FF2B954A-EFA0-4088-9AC8-0061132DCFB7}"
EndProject
Global
	GlobalSection(SolutionConfigurationPlatforms) = preSolution
		Debug|Any CPU = Debug|Any CPU
		Release|Any CPU = Release|Any CPU
	EndGlobalSection
	GlobalSection(ProjectConfigurationPlatforms) = postSolution
		{FF2B954A-EFA0-4088-9AC8-0061132DCFB7}.Debug|Any CPU.ActiveCfg = Debug|Any CPU
		{FF2B954A-EFA0-4088-9AC8-0061132DCFB7}.Debug|Any CPU.Build.0 = Debug|Any CPU
		{FF2B954A-EFA0-4088-9AC8-0061132DCFB7}.Release|Any CPU.ActiveCfg = Release|Any CPU
		{FF2B954A-EFA0-4088-9AC8-0061132DCFB7}.Release|Any CPU.Build.0 = Release|Any CPU
	EndGlobalSection
	GlobalSection(SolutionProperties) = preSolution
		HideSolutionNode = FALSE
	EndGlobalSection
	GlobalSection(ExtensibilityGlobals) = postSolution
		SolutionGuid = {4BBABBBF-B010-4EA0-B937-6DABA31D7906}
	EndGlobalSection
EndGlobal
