
Microsoft Visual Studio Solution File, Format Version 12.00
# Visual Studio Version 17
VisualStudioVersion = 17.5.33414.496
MinimumVisualStudioVersion = 10.0.40219.1
Project("{FAE04EC0-301F-11D3-BF4B-00C04F79EFBC}") = "06-OrdemContraria", "06-OrdemContraria.csproj", "{B179DCE1-0861-47DF-BEDE-56F5FF1563A6}"
EndProject
Global
	GlobalSection(SolutionConfigurationPlatforms) = preSolution
		Debug|Any CPU = Debug|Any CPU
		Release|Any CPU = Release|Any CPU
	EndGlobalSection
	GlobalSection(ProjectConfigurationPlatforms) = postSolution
		{B179DCE1-0861-47DF-BEDE-56F5FF1563A6}.Debug|Any CPU.ActiveCfg = Debug|Any CPU
		{B179DCE1-0861-47DF-BEDE-56F5FF1563A6}.Debug|Any CPU.Build.0 = Debug|Any CPU
		{B179DCE1-0861-47DF-BEDE-56F5FF1563A6}.Release|Any CPU.ActiveCfg = Release|Any CPU
		{B179DCE1-0861-47DF-BEDE-56F5FF1563A6}.Release|Any CPU.Build.0 = Release|Any CPU
	EndGlobalSection
	GlobalSection(SolutionProperties) = preSolution
		HideSolutionNode = FALSE
	EndGlobalSection
	GlobalSection(ExtensibilityGlobals) = postSolution
		SolutionGuid = {266528A6-E1F0-44AF-A7B3-D14B541BED66}
	EndGlobalSection
EndGlobal
