
Microsoft Visual Studio Solution File, Format Version 12.00
# Visual Studio Version 17
VisualStudioVersion = 17.5.33414.496
MinimumVisualStudioVersion = 10.0.40219.1
Project("{FAE04EC0-301F-11D3-BF4B-00C04F79EFBC}") = "02-SomaArray", "02-SomaArray.csproj", "{CCB72DCC-0F4B-4B4D-995A-95805FFB98CF}"
EndProject
Global
	GlobalSection(SolutionConfigurationPlatforms) = preSolution
		Debug|Any CPU = Debug|Any CPU
		Release|Any CPU = Release|Any CPU
	EndGlobalSection
	GlobalSection(ProjectConfigurationPlatforms) = postSolution
		{CCB72DCC-0F4B-4B4D-995A-95805FFB98CF}.Debug|Any CPU.ActiveCfg = Debug|Any CPU
		{CCB72DCC-0F4B-4B4D-995A-95805FFB98CF}.Debug|Any CPU.Build.0 = Debug|Any CPU
		{CCB72DCC-0F4B-4B4D-995A-95805FFB98CF}.Release|Any CPU.ActiveCfg = Release|Any CPU
		{CCB72DCC-0F4B-4B4D-995A-95805FFB98CF}.Release|Any CPU.Build.0 = Release|Any CPU
	EndGlobalSection
	GlobalSection(SolutionProperties) = preSolution
		HideSolutionNode = FALSE
	EndGlobalSection
	GlobalSection(ExtensibilityGlobals) = postSolution
		SolutionGuid = {F4A0BF4B-54A2-4998-AAFB-E6BF01B216E5}
	EndGlobalSection
EndGlobal
