
Microsoft Visual Studio Solution File, Format Version 12.00
# Visual Studio Version 17
VisualStudioVersion = 17.5.33414.496
MinimumVisualStudioVersion = 10.0.40219.1
Project("{FAE04EC0-301F-11D3-BF4B-00C04F79EFBC}") = "02-SomaElementosLinhasEColunas", "02-SomaElementosLinhasEColunas.csproj", "{EF8E7464-1F2E-4BC2-AFA7-7E4062FE0480}"
EndProject
Global
	GlobalSection(SolutionConfigurationPlatforms) = preSolution
		Debug|Any CPU = Debug|Any CPU
		Release|Any CPU = Release|Any CPU
	EndGlobalSection
	GlobalSection(ProjectConfigurationPlatforms) = postSolution
		{EF8E7464-1F2E-4BC2-AFA7-7E4062FE0480}.Debug|Any CPU.ActiveCfg = Debug|Any CPU
		{EF8E7464-1F2E-4BC2-AFA7-7E4062FE0480}.Debug|Any CPU.Build.0 = Debug|Any CPU
		{EF8E7464-1F2E-4BC2-AFA7-7E4062FE0480}.Release|Any CPU.ActiveCfg = Release|Any CPU
		{EF8E7464-1F2E-4BC2-AFA7-7E4062FE0480}.Release|Any CPU.Build.0 = Release|Any CPU
	EndGlobalSection
	GlobalSection(SolutionProperties) = preSolution
		HideSolutionNode = FALSE
	EndGlobalSection
	GlobalSection(ExtensibilityGlobals) = postSolution
		SolutionGuid = {4E6199AE-03CB-4D92-8366-B1539BE9F279}
	EndGlobalSection
EndGlobal
