
Microsoft Visual Studio Solution File, Format Version 12.00
# Visual Studio Version 17
VisualStudioVersion = 17.5.33414.496
MinimumVisualStudioVersion = 10.0.40219.1
Project("{FAE04EC0-301F-11D3-BF4B-00C04F79EFBC}") = "03-ParImparPrimo", "03-ParImparPrimo.csproj", "{D7FCB4D0-BDA6-4C0A-A098-BCD7A96BA52C}"
EndProject
Global
	GlobalSection(SolutionConfigurationPlatforms) = preSolution
		Debug|Any CPU = Debug|Any CPU
		Release|Any CPU = Release|Any CPU
	EndGlobalSection
	GlobalSection(ProjectConfigurationPlatforms) = postSolution
		{D7FCB4D0-BDA6-4C0A-A098-BCD7A96BA52C}.Debug|Any CPU.ActiveCfg = Debug|Any CPU
		{D7FCB4D0-BDA6-4C0A-A098-BCD7A96BA52C}.Debug|Any CPU.Build.0 = Debug|Any CPU
		{D7FCB4D0-BDA6-4C0A-A098-BCD7A96BA52C}.Release|Any CPU.ActiveCfg = Release|Any CPU
		{D7FCB4D0-BDA6-4C0A-A098-BCD7A96BA52C}.Release|Any CPU.Build.0 = Release|Any CPU
	EndGlobalSection
	GlobalSection(SolutionProperties) = preSolution
		HideSolutionNode = FALSE
	EndGlobalSection
	GlobalSection(ExtensibilityGlobals) = postSolution
		SolutionGuid = {C6057703-572D-440F-AA02-A70D4F65011D}
	EndGlobalSection
EndGlobal
