
Microsoft Visual Studio Solution File, Format Version 12.00
# Visual Studio Version 17
VisualStudioVersion = 17.5.33414.496
MinimumVisualStudioVersion = 10.0.40219.1
Project("{FAE04EC0-301F-11D3-BF4B-00C04F79EFBC}") = "DesafioArquivo", "DesafioArquivo.csproj", "{DF331873-E21A-4324-9C4B-773999C67B1F}"
EndProject
Global
	GlobalSection(SolutionConfigurationPlatforms) = preSolution
		Debug|Any CPU = Debug|Any CPU
		Release|Any CPU = Release|Any CPU
	EndGlobalSection
	GlobalSection(ProjectConfigurationPlatforms) = postSolution
		{DF331873-E21A-4324-9C4B-773999C67B1F}.Debug|Any CPU.ActiveCfg = Debug|Any CPU
		{DF331873-E21A-4324-9C4B-773999C67B1F}.Debug|Any CPU.Build.0 = Debug|Any CPU
		{DF331873-E21A-4324-9C4B-773999C67B1F}.Release|Any CPU.ActiveCfg = Release|Any CPU
		{DF331873-E21A-4324-9C4B-773999C67B1F}.Release|Any CPU.Build.0 = Release|Any CPU
	EndGlobalSection
	GlobalSection(SolutionProperties) = preSolution
		HideSolutionNode = FALSE
	EndGlobalSection
	GlobalSection(ExtensibilityGlobals) = postSolution
		SolutionGuid = {942C77B4-2EAF-4FD9-84B6-7A140E2C2308}
	EndGlobalSection
EndGlobal
