
Microsoft Visual Studio Solution File, Format Version 12.00
# Visual Studio Version 17
VisualStudioVersion = 17.5.33414.496
MinimumVisualStudioVersion = 10.0.40219.1
Project("{FAE04EC0-301F-11D3-BF4B-00C04F79EFBC}") = "Parafusos", "Parafusos.csproj", "{5369F04E-72A5-46B2-A58B-171E1533819C}"
EndProject
Global
	GlobalSection(SolutionConfigurationPlatforms) = preSolution
		Debug|Any CPU = Debug|Any CPU
		Release|Any CPU = Release|Any CPU
	EndGlobalSection
	GlobalSection(ProjectConfigurationPlatforms) = postSolution
		{5369F04E-72A5-46B2-A58B-171E1533819C}.Debug|Any CPU.ActiveCfg = Debug|Any CPU
		{5369F04E-72A5-46B2-A58B-171E1533819C}.Debug|Any CPU.Build.0 = Debug|Any CPU
		{5369F04E-72A5-46B2-A58B-171E1533819C}.Release|Any CPU.ActiveCfg = Release|Any CPU
		{5369F04E-72A5-46B2-A58B-171E1533819C}.Release|Any CPU.Build.0 = Release|Any CPU
	EndGlobalSection
	GlobalSection(SolutionProperties) = preSolution
		HideSolutionNode = FALSE
	EndGlobalSection
	GlobalSection(ExtensibilityGlobals) = postSolution
		SolutionGuid = {EBDFB647-9456-4761-A190-5ED401D3C63A}
	EndGlobalSection
EndGlobal
