
Microsoft Visual Studio Solution File, Format Version 12.00
# Visual Studio Version 17
VisualStudioVersion = 17.5.33414.496
MinimumVisualStudioVersion = 10.0.40219.1
Project("{FAE04EC0-301F-11D3-BF4B-00C04F79EFBC}") = "07-MostraParMostraImpar", "07-MostraParMostraImpar.csproj", "{72261296-D9AA-4006-969D-FA7433229847}"
EndProject
Global
	GlobalSection(SolutionConfigurationPlatforms) = preSolution
		Debug|Any CPU = Debug|Any CPU
		Release|Any CPU = Release|Any CPU
	EndGlobalSection
	GlobalSection(ProjectConfigurationPlatforms) = postSolution
		{72261296-D9AA-4006-969D-FA7433229847}.Debug|Any CPU.ActiveCfg = Debug|Any CPU
		{72261296-D9AA-4006-969D-FA7433229847}.Debug|Any CPU.Build.0 = Debug|Any CPU
		{72261296-D9AA-4006-969D-FA7433229847}.Release|Any CPU.ActiveCfg = Release|Any CPU
		{72261296-D9AA-4006-969D-FA7433229847}.Release|Any CPU.Build.0 = Release|Any CPU
	EndGlobalSection
	GlobalSection(SolutionProperties) = preSolution
		HideSolutionNode = FALSE
	EndGlobalSection
	GlobalSection(ExtensibilityGlobals) = postSolution
		SolutionGuid = {FC5A9296-CD19-42E0-9EAD-A2751D2DD5F6}
	EndGlobalSection
EndGlobal
