
Microsoft Visual Studio Solution File, Format Version 12.00
# Visual Studio Version 17
VisualStudioVersion = 17.5.33414.496
MinimumVisualStudioVersion = 10.0.40219.1
Project("{FAE04EC0-301F-11D3-BF4B-00C04F79EFBC}") = "16-OperacoesVetor", "16-OperacoesVetor.csproj", "{0912A4DE-8582-436A-B5AE-6B75BD27FB58}"
EndProject
Global
	GlobalSection(SolutionConfigurationPlatforms) = preSolution
		Debug|Any CPU = Debug|Any CPU
		Release|Any CPU = Release|Any CPU
	EndGlobalSection
	GlobalSection(ProjectConfigurationPlatforms) = postSolution
		{0912A4DE-8582-436A-B5AE-6B75BD27FB58}.Debug|Any CPU.ActiveCfg = Debug|Any CPU
		{0912A4DE-8582-436A-B5AE-6B75BD27FB58}.Debug|Any CPU.Build.0 = Debug|Any CPU
		{0912A4DE-8582-436A-B5AE-6B75BD27FB58}.Release|Any CPU.ActiveCfg = Release|Any CPU
		{0912A4DE-8582-436A-B5AE-6B75BD27FB58}.Release|Any CPU.Build.0 = Release|Any CPU
	EndGlobalSection
	GlobalSection(SolutionProperties) = preSolution
		HideSolutionNode = FALSE
	EndGlobalSection
	GlobalSection(ExtensibilityGlobals) = postSolution
		SolutionGuid = {9E420362-8941-4BAA-AD5F-A9010C12B7ED}
	EndGlobalSection
EndGlobal
