
Microsoft Visual Studio Solution File, Format Version 12.00
# Visual Studio Version 17
VisualStudioVersion = 17.5.33414.496
MinimumVisualStudioVersion = 10.0.40219.1
Project("{FAE04EC0-301F-11D3-BF4B-00C04F79EFBC}") = "01-MediaIdade", "01-MediaIdade.csproj", "{120A33F4-F373-4174-AABD-3D36A21D3346}"
EndProject
Global
	GlobalSection(SolutionConfigurationPlatforms) = preSolution
		Debug|Any CPU = Debug|Any CPU
		Release|Any CPU = Release|Any CPU
	EndGlobalSection
	GlobalSection(ProjectConfigurationPlatforms) = postSolution
		{120A33F4-F373-4174-AABD-3D36A21D3346}.Debug|Any CPU.ActiveCfg = Debug|Any CPU
		{120A33F4-F373-4174-AABD-3D36A21D3346}.Debug|Any CPU.Build.0 = Debug|Any CPU
		{120A33F4-F373-4174-AABD-3D36A21D3346}.Release|Any CPU.ActiveCfg = Release|Any CPU
		{120A33F4-F373-4174-AABD-3D36A21D3346}.Release|Any CPU.Build.0 = Release|Any CPU
	EndGlobalSection
	GlobalSection(SolutionProperties) = preSolution
		HideSolutionNode = FALSE
	EndGlobalSection
	GlobalSection(ExtensibilityGlobals) = postSolution
		SolutionGuid = {BDA1E2AC-4B87-482F-94F1-22425223578C}
	EndGlobalSection
EndGlobal
