
Microsoft Visual Studio Solution File, Format Version 12.00
# Visual Studio Version 17
VisualStudioVersion = 17.5.33414.496
MinimumVisualStudioVersion = 10.0.40219.1
Project("{FAE04EC0-301F-11D3-BF4B-00C04F79EFBC}") = "05-Fatorial", "05-Fatorial.csproj", "{BE7D6A7F-6D8A-4183-9526-24F7CC98D420}"
EndProject
Global
	GlobalSection(SolutionConfigurationPlatforms) = preSolution
		Debug|Any CPU = Debug|Any CPU
		Release|Any CPU = Release|Any CPU
	EndGlobalSection
	GlobalSection(ProjectConfigurationPlatforms) = postSolution
		{BE7D6A7F-6D8A-4183-9526-24F7CC98D420}.Debug|Any CPU.ActiveCfg = Debug|Any CPU
		{BE7D6A7F-6D8A-4183-9526-24F7CC98D420}.Debug|Any CPU.Build.0 = Debug|Any CPU
		{BE7D6A7F-6D8A-4183-9526-24F7CC98D420}.Release|Any CPU.ActiveCfg = Release|Any CPU
		{BE7D6A7F-6D8A-4183-9526-24F7CC98D420}.Release|Any CPU.Build.0 = Release|Any CPU
	EndGlobalSection
	GlobalSection(SolutionProperties) = preSolution
		HideSolutionNode = FALSE
	EndGlobalSection
	GlobalSection(ExtensibilityGlobals) = postSolution
		SolutionGuid = {17081272-D059-47C5-99A7-51F969EC4CB2}
	EndGlobalSection
EndGlobal
